
Microsoft Visual Studio Solution File, Format Version 12.00
# Visual Studio Version 16
VisualStudioVersion = 25.0.1703.3
MinimumVisualStudioVersion = 10.0.40219.1
Project("{FAE04EC0-301F-11D3-BF4B-00C04F79EFBC}") = "Test.Android", "Test\Test.Android\Test.Android.csproj", "{56912233-D93F-4876-8B40-FC14A5F5529F}"
EndProject
Project("{FAE04EC0-301F-11D3-BF4B-00C04F79EFBC}") = "Test.iOS", "Test\Test.iOS\Test.iOS.csproj", "{2D51DDF6-B541-41E3-A409-2F893571861D}"
EndProject
Project("{FAE04EC0-301F-11D3-BF4B-00C04F79EFBC}") = "Test", "Test\Test\Test.csproj", "{14334B97-6C61-489E-8023-AE7DECE10242}"
EndProject
Global
	GlobalSection(SolutionConfigurationPlatforms) = preSolution
		Debug|Any CPU = Debug|Any CPU
		Release|Any CPU = Release|Any CPU
		Debug|iPhoneSimulator = Debug|iPhoneSimulator
		Release|iPhoneSimulator = Release|iPhoneSimulator
		Debug|iPhone = Debug|iPhone
		Release|iPhone = Release|iPhone
	EndGlobalSection
	GlobalSection(ProjectConfigurationPlatforms) = postSolution
		{56912233-D93F-4876-8B40-FC14A5F5529F}.Debug|Any CPU.ActiveCfg = Debug|Any CPU
		{56912233-D93F-4876-8B40-FC14A5F5529F}.Debug|Any CPU.Build.0 = Debug|Any CPU
		{56912233-D93F-4876-8B40-FC14A5F5529F}.Release|Any CPU.ActiveCfg = Release|Any CPU
		{56912233-D93F-4876-8B40-FC14A5F5529F}.Release|Any CPU.Build.0 = Release|Any CPU
		{56912233-D93F-4876-8B40-FC14A5F5529F}.Debug|iPhoneSimulator.ActiveCfg = Debug|Any CPU
		{56912233-D93F-4876-8B40-FC14A5F5529F}.Debug|iPhoneSimulator.Build.0 = Debug|Any CPU
		{56912233-D93F-4876-8B40-FC14A5F5529F}.Release|iPhoneSimulator.ActiveCfg = Release|Any CPU
		{56912233-D93F-4876-8B40-FC14A5F5529F}.Release|iPhoneSimulator.Build.0 = Release|Any CPU
		{56912233-D93F-4876-8B40-FC14A5F5529F}.Debug|iPhone.ActiveCfg = Debug|Any CPU
		{56912233-D93F-4876-8B40-FC14A5F5529F}.Debug|iPhone.Build.0 = Debug|Any CPU
		{56912233-D93F-4876-8B40-FC14A5F5529F}.Release|iPhone.ActiveCfg = Release|Any CPU
		{56912233-D93F-4876-8B40-FC14A5F5529F}.Release|iPhone.Build.0 = Release|Any CPU
		{2D51DDF6-B541-41E3-A409-2F893571861D}.Debug|Any CPU.ActiveCfg = Debug|iPhoneSimulator
		{2D51DDF6-B541-41E3-A409-2F893571861D}.Debug|Any CPU.Build.0 = Debug|iPhoneSimulator
		{2D51DDF6-B541-41E3-A409-2F893571861D}.Release|Any CPU.ActiveCfg = Release|iPhoneSimulator
		{2D51DDF6-B541-41E3-A409-2F893571861D}.Release|Any CPU.Build.0 = Release|iPhoneSimulator
		{2D51DDF6-B541-41E3-A409-2F893571861D}.Debug|iPhoneSimulator.ActiveCfg = Debug|iPhoneSimulator
		{2D51DDF6-B541-41E3-A409-2F893571861D}.Debug|iPhoneSimulator.Build.0 = Debug|iPhoneSimulator
		{2D51DDF6-B541-41E3-A409-2F893571861D}.Release|iPhoneSimulator.ActiveCfg = Release|iPhoneSimulator
		{2D51DDF6-B541-41E3-A409-2F893571861D}.Release|iPhoneSimulator.Build.0 = Release|iPhoneSimulator
		{2D51DDF6-B541-41E3-A409-2F893571861D}.Debug|iPhone.ActiveCfg = Debug|iPhone
		{2D51DDF6-B541-41E3-A409-2F893571861D}.Debug|iPhone.Build.0 = Debug|iPhone
		{2D51DDF6-B541-41E3-A409-2F893571861D}.Release|iPhone.ActiveCfg = Release|iPhone
		{2D51DDF6-B541-41E3-A409-2F893571861D}.Release|iPhone.Build.0 = Release|iPhone
		{14334B97-6C61-489E-8023-AE7DECE10242}.Debug|Any CPU.ActiveCfg = Debug|Any CPU
		{14334B97-6C61-489E-8023-AE7DECE10242}.Debug|Any CPU.Build.0 = Debug|Any CPU
		{14334B97-6C61-489E-8023-AE7DECE10242}.Release|Any CPU.ActiveCfg = Release|Any CPU
		{14334B97-6C61-489E-8023-AE7DECE10242}.Release|Any CPU.Build.0 = Release|Any CPU
		{14334B97-6C61-489E-8023-AE7DECE10242}.Debug|iPhoneSimulator.ActiveCfg = Debug|Any CPU
		{14334B97-6C61-489E-8023-AE7DECE10242}.Debug|iPhoneSimulator.Build.0 = Debug|Any CPU
		{14334B97-6C61-489E-8023-AE7DECE10242}.Release|iPhoneSimulator.ActiveCfg = Release|Any CPU
		{14334B97-6C61-489E-8023-AE7DECE10242}.Release|iPhoneSimulator.Build.0 = Release|Any CPU
		{14334B97-6C61-489E-8023-AE7DECE10242}.Debug|iPhone.ActiveCfg = Debug|Any CPU
		{14334B97-6C61-489E-8023-AE7DECE10242}.Debug|iPhone.Build.0 = Debug|Any CPU
		{14334B97-6C61-489E-8023-AE7DECE10242}.Release|iPhone.ActiveCfg = Release|Any CPU
		{14334B97-6C61-489E-8023-AE7DECE10242}.Release|iPhone.Build.0 = Release|Any CPU
	EndGlobalSection
	GlobalSection(SolutionProperties) = preSolution
		HideSolutionNode = FALSE
	EndGlobalSection
	GlobalSection(ExtensibilityGlobals) = postSolution
		SolutionGuid = {93BF9D3E-A5EC-40D5-9703-001562BF5E21}
	EndGlobalSection
EndGlobal
